version = 1
revision = 3
requires-python = ">=3.13"

[manifest]
requirements = [
    { name = "httpx" },
    { name = "whenever" },
]

[[package]]
name = "anyio"
version = "4.13.0"
source = { registry = "https://pypi.org/simple" }
dependencies = [
    { name = "idna" },
]
sdist = { url = "https://files.pythonhosted.org/packages/19/14/2c5dd9f512b66549ae92767a9c7b330ae88e1932ca57876909410251fe13/anyio-4.13.0.tar.gz", hash = "sha256:334b70e641fd2221c1505b3890c69882fe4a2df910cba14d97019b90b24439dc", size = 231622, upload-time = "2026-03-24T12:59:09.671Z" }
wheels = [
    { url = "https://files.pythonhosted.org/packages/da/42/e921fccf5015463e32a3cf6ee7f980a6ed0f395ceeaa45060b61d86486c2/anyio-4.13.0-py3-none-any.whl", hash = "sha256:08b310f9e24a9594186fd75b4f73f4a4152069e3853f1ed8bfbf58369f4ad708", size = 114353, upload-time = "2026-03-24T12:59:08.246Z" },
]

[[package]]
name = "certifi"
version = "2026.5.20"
source = { registry = "https://pypi.org/simple" }
sdist = { url = "https://files.pythonhosted.org/packages/f3/ce/ee2ecad540810a79593028e88299baeae54d346cc7a0d94b6199988b89b1/certifi-2026.5.20.tar.gz", hash = "sha256:69dea482ab64caa7b9f6aba1c6bf48bb6a5448d1c0f1b17ab42ad8c763a5344d", size = 135422, upload-time = "2026-05-20T11:46:50.073Z" }
wheels = [
    { url = "https://files.pythonhosted.org/packages/59/8c/57e832b7af6d7c5abe66eb3fbe3a3a32f4d11ea23a1aa7131371035be991/certifi-2026.5.20-py3-none-any.whl", hash = "sha256:3c52e209ba0a4ad7aebe60436a4ab349c39e1e602e8c134221e546902ad25897", size = 134134, upload-time = "2026-05-20T11:46:48.578Z" },
]

[[package]]
name = "h11"
version = "0.16.0"
source = { registry = "https://pypi.org/simple" }
sdist = { url = "https://files.pythonhosted.org/packages/01/ee/02a2c011bdab74c6fb3c75474d40b3052059d95df7e73351460c8588d963/h11-0.16.0.tar.gz", hash = "sha256:4e35b956cf45792e4caa5885e69fba00bdbc6ffafbfa020300e549b208ee5ff1", size = 101250, upload-time = "2025-04-24T03:35:25.427Z" }
wheels = [
    { url = "https://files.pythonhosted.org/packages/04/4b/29cac41a4d98d144bf5f6d33995617b185d14b22401f75ca86f384e87ff1/h11-0.16.0-py3-none-any.whl", hash = "sha256:63cf8bbe7522de3bf65932fda1d9c2772064ffb3dae62d55932da54b31cb6c86", size = 37515, upload-time = "2025-04-24T03:35:24.344Z" },
]

[[package]]
name = "httpcore"
version = "1.0.9"
source = { registry = "https://pypi.org/simple" }
dependencies = [
    { name = "certifi" },
    { name = "h11" },
]
sdist = { url = "https://files.pythonhosted.org/packages/06/94/82699a10bca87a5556c9c59b5963f2d039dbd239f25bc2a63907a05a14cb/httpcore-1.0.9.tar.gz", hash = "sha256:6e34463af53fd2ab5d807f399a9b45ea31c3dfa2276f15a2c3f00afff6e176e8", size = 85484, upload-time = "2025-04-24T22:06:22.219Z" }
wheels = [
    { url = "https://files.pythonhosted.org/packages/7e/f5/f66802a942d491edb555dd61e3a9961140fd64c90bce1eafd741609d334d/httpcore-1.0.9-py3-none-any.whl", hash = "sha256:2d400746a40668fc9dec9810239072b40b4484b640a8c38fd654a024c7a1bf55", size = 78784, upload-time = "2025-04-24T22:06:20.566Z" },
]

[[package]]
name = "httpx"
version = "0.28.1"
source = { registry = "https://pypi.org/simple" }
dependencies = [
    { name = "anyio" },
    { name = "certifi" },
    { name = "httpcore" },
    { name = "idna" },
]
sdist = { url = "https://files.pythonhosted.org/packages/b1/df/48c586a5fe32a0f01324ee087459e112ebb7224f646c0b5023f5e79e9956/httpx-0.28.1.tar.gz", hash = "sha256:75e98c5f16b0f35b567856f597f06ff2270a374470a5c2392242528e3e3e42fc", size = 141406, upload-time = "2024-12-06T15:37:23.222Z" }
wheels = [
    { url = "https://files.pythonhosted.org/packages/2a/39/e50c7c3a983047577ee07d2a9e53faf5a69493943ec3f6a384bdc792deb2/httpx-0.28.1-py3-none-any.whl", hash = "sha256:d909fcccc110f8c7faf814ca82a9a4d816bc5a6dbfea25d6591d6985b8ba59ad", size = 73517, upload-time = "2024-12-06T15:37:21.509Z" },
]

[[package]]
name = "idna"
version = "3.17"
source = { registry = "https://pypi.org/simple" }
sdist = { url = "https://files.pythonhosted.org/packages/b9/28/99c51f664567218d824af024c0251650fb27e4ca066df188dab0769c5b91/idna-3.17.tar.gz", hash = "sha256:5eb0cb53bc467c12eadcf6de83163ad8527cec9416f44b9b61b19caedad2b87f", size = 196048, upload-time = "2026-05-28T14:32:38.55Z" }
wheels = [
    { url = "https://files.pythonhosted.org/packages/de/a7/f76514cc40ad6234098ecdebda08732d75964776c51a42845b7da10649e2/idna-3.17-py3-none-any.whl", hash = "sha256:466e48829084efe2548012b855df21540b96f2e20e51bd124c851536556a592c", size = 65316, upload-time = "2026-05-28T14:32:37.035Z" },
]

[[package]]
name = "tzdata"
version = "2026.2"
source = { registry = "https://pypi.org/simple" }
sdist = { url = "https://files.pythonhosted.org/packages/ba/19/1b9b0e29f30c6d35cb345486df41110984ea67ae69dddbc0e8a100999493/tzdata-2026.2.tar.gz", hash = "sha256:9173fde7d80d9018e02a662e168e5a2d04f87c41ea174b139fbef642eda62d10", size = 198254, upload-time = "2026-04-24T15:22:08.651Z" }
wheels = [
    { url = "https://files.pythonhosted.org/packages/ce/e4/dccd7f47c4b64213ac01ef921a1337ee6e30e8c6466046018326977efd95/tzdata-2026.2-py2.py3-none-any.whl", hash = "sha256:bbe9af844f658da81a5f95019480da3a89415801f6cc966806612cc7169bffe7", size = 349321, upload-time = "2026-04-24T15:22:05.876Z" },
]

[[package]]
name = "tzlocal"
version = "5.3.1"
source = { registry = "https://pypi.org/simple" }
dependencies = [
    { name = "tzdata", marker = "sys_platform == 'win32'" },
]
sdist = { url = "https://files.pythonhosted.org/packages/8b/2e/c14812d3d4d9cd1773c6be938f89e5735a1f11a9f184ac3639b93cef35d5/tzlocal-5.3.1.tar.gz", hash = "sha256:cceffc7edecefea1f595541dbd6e990cb1ea3d19bf01b2809f362a03dd7921fd", size = 30761, upload-time = "2025-03-05T21:17:41.549Z" }
wheels = [
    { url = "https://files.pythonhosted.org/packages/c2/14/e2a54fabd4f08cd7af1c07030603c3356b74da07f7cc056e600436edfa17/tzlocal-5.3.1-py3-none-any.whl", hash = "sha256:eb1a66c3ef5847adf7a834f1be0800581b683b5608e74f86ecbcef8ab91bb85d", size = 18026, upload-time = "2025-03-05T21:17:39.857Z" },
]

[[package]]
name = "whenever"
version = "0.10.0"
source = { registry = "https://pypi.org/simple" }
dependencies = [
    { name = "tzdata", marker = "sys_platform == 'win32'" },
    { name = "tzlocal", marker = "sys_platform != 'darwin' and sys_platform != 'linux'" },
]
sdist = { url = "https://files.pythonhosted.org/packages/fd/13/281bc0bc19f0e2e9559a22137607271d6e684b0f9bcbaf0a95b95a5e9258/whenever-0.10.0.tar.gz", hash = "sha256:a5ef2b5493531de95294080495d4d9bce9691b4b3d681c6952c7a8b3d52d7a04", size = 429588, upload-time = "2026-04-05T18:43:50.199Z" }
wheels = [
    { url = "https://files.pythonhosted.org/packages/b1/ac/b69f67cf0834d5d6e5151bbccd06e25315ababd77672f314cb2bddee5e80/whenever-0.10.0-cp313-cp313-macosx_10_12_x86_64.whl", hash = "sha256:c3665bc09c0bd373ee96a276d4379171650a1df634b54c8d173835f79b34b0cd", size = 600205, upload-time = "2026-04-05T18:41:56.903Z" },
    { url = "https://files.pythonhosted.org/packages/42/31/d8d2e2d7cb684062a46ca84ee3d24930d63e51095bac3c6236a2df2b5393/whenever-0.10.0-cp313-cp313-macosx_11_0_arm64.whl", hash = "sha256:5a3c1d8691ef80e59381e813e7020634042cdb5303c31600bea7a3c9725111c6", size = 579778, upload-time = "2026-04-05T18:41:58.607Z" },
    { url = "https://files.pythonhosted.org/packages/37/ef/d2dd2365bb82f7092e6f3563c35e2fb25bdfa4ea5654343a57f5c6dc660c/whenever-0.10.0-cp313-cp313-manylinux_2_17_aarch64.manylinux2014_aarch64.whl", hash = "sha256:7ad35c9eabfab4487c57dce4ba763afa80e1bdccdc8f2a07ef1698ac471c51fa", size = 596390, upload-time = "2026-04-05T18:42:00.904Z" },
    { url = "https://files.pythonhosted.org/packages/c9/f6/d1734ef1431283ba35d110baf44986cff140c8c5586779f9d41e3ca83444/whenever-0.10.0-cp313-cp313-manylinux_2_17_armv7l.manylinux2014_armv7l.whl", hash = "sha256:b040cb5e0a8ab1e7ea0fbb09e53f197130dc96b17bbf008f9be8876a90660e34", size = 651455, upload-time = "2026-04-05T18:42:02.725Z" },
    { url = "https://files.pythonhosted.org/packages/6a/50/5a246269b543ca86f6fd4c815e09252e70776dbb704b7453ae05a72bacc6/whenever-0.10.0-cp313-cp313-manylinux_2_17_ppc64le.manylinux2014_ppc64le.whl", hash = "sha256:e7430f5ba42f9f123ec82697ad45ba7515721ac9f60ff079d228df5f160a48f0", size = 635385, upload-time = "2026-04-05T18:42:04.958Z" },
    { url = "https://files.pythonhosted.org/packages/b9/de/8b9f474bbfa8e426a1e4f7a47ec37677780004c87190cc616c921362f4cd/whenever-0.10.0-cp313-cp313-manylinux_2_17_s390x.manylinux2014_s390x.whl", hash = "sha256:688756233e5a701a93f3cd8f70236271cead0b2cb18343199f0102837ff4c14b", size = 647615, upload-time = "2026-04-05T18:42:06.741Z" },
    { url = "https://files.pythonhosted.org/packages/5f/10/15ab8f01b7aea24c2c10935c3adee60a26753788e6d36a1fc8f6a779422d/whenever-0.10.0-cp313-cp313-manylinux_2_17_x86_64.manylinux2014_x86_64.whl", hash = "sha256:91dcdd5582503d5ae15e5bf036125a26042a65685b0c46b953cf583123ee6ff4", size = 617400, upload-time = "2026-04-05T18:42:08.767Z" },
    { url = "https://files.pythonhosted.org/packages/40/46/c4d3c3de6e61b01862cf650e29eea58ad7e527da1ccd6f3737272b4e7f25/whenever-0.10.0-cp313-cp313-manylinux_2_5_i686.manylinux1_i686.whl", hash = "sha256:1d4ead25c65553edc962f64f0db204230a695a58abc66fe6174a785de2765452", size = 669967, upload-time = "2026-04-05T18:42:10.531Z" },
    { url = "https://files.pythonhosted.org/packages/88/42/8629a289761766d507148f622b8e667d6799b631a9ceaf233f1fc0383523/whenever-0.10.0-cp313-cp313-musllinux_1_2_aarch64.whl", hash = "sha256:2d313bbd10128be0335f6cfbda8a27c91466edb00032e72d5ec45c9821f94b4f", size = 772531, upload-time = "2026-04-05T18:42:12.738Z" },
    { url = "https://files.pythonhosted.org/packages/c8/f3/a1ecce2c5dcf16cec9ab4e0cd3eddd26f2f676d9af0dafdec39d9b7e39e0/whenever-0.10.0-cp313-cp313-musllinux_1_2_armv7l.whl", hash = "sha256:5069ff0fcca43fc3452f0fd11da611e269135a62821cbae671728b29726165c5", size = 927231, upload-time = "2026-04-05T18:42:14.937Z" },
    { url = "https://files.pythonhosted.org/packages/21/7e/98c307eb2285b06ea757b2a2eac23198596242e9de7954aa2992ef40a1c0/whenever-0.10.0-cp313-cp313-musllinux_1_2_i686.whl", hash = "sha256:34e5ffc3e7c926264949ca30ae72a3b65b472982e87d7b023ef1a79e1565ea82", size = 880405, upload-time = "2026-04-05T18:42:17.094Z" },
    { url = "https://files.pythonhosted.org/packages/a9/91/503d04c2f79319563b7540acfbca61829e419661e7ee6035d4a5dd86cf83/whenever-0.10.0-cp313-cp313-musllinux_1_2_x86_64.whl", hash = "sha256:6bc61755003efc685c3b097ce0be2e104e9a2d39dbbb1381b7e8dca5e29301d4", size = 829944, upload-time = "2026-04-05T18:42:18.759Z" },
    { url = "https://files.pythonhosted.org/packages/78/53/8f57c6e1c0e4b578dd5b9b1a6a39ecdac1602e31973df376ff2cc569b5ef/whenever-0.10.0-cp313-cp313-win32.whl", hash = "sha256:a23a7d112a57200422912f963cd7ac0cda1f3729c1b51da675e4830f94a86af5", size = 559464, upload-time = "2026-04-05T18:42:20.475Z" },
    { url = "https://files.pythonhosted.org/packages/43/48/7e2a8fc167b6eb40c91db102c4268c7b90376fd6b74336b0d7ea6c32057d/whenever-0.10.0-cp313-cp313-win_amd64.whl", hash = "sha256:3f87bd9f59d74e9d79ea0ade64d655e4c394b9916a55c8a91afb5ef870f0df01", size = 560157, upload-time = "2026-04-05T18:42:22.434Z" },
    { url = "https://files.pythonhosted.org/packages/41/46/a2f01cb2b0020195f46aee927e8b19f55594db4b5c58112cf50d36d4b4e3/whenever-0.10.0-cp313-cp313t-macosx_10_12_x86_64.whl", hash = "sha256:e8bbe9bd956ea4a94357d707583efecaae37613cdaf303eb2e31894d2257a630", size = 599293, upload-time = "2026-04-05T18:42:24.171Z" },
    { url = "https://files.pythonhosted.org/packages/c1/f2/4c5a8b8c277b9c6b61ada806d4a9870376ddef5f96473d94def5509c451b/whenever-0.10.0-cp313-cp313t-macosx_11_0_arm64.whl", hash = "sha256:075b268cbd6d1a9787232e6571aaabd443d17f9bc58dee7919e91b7e4eb78e6d", size = 579760, upload-time = "2026-04-05T18:42:26.114Z" },
    { url = "https://files.pythonhosted.org/packages/85/75/981c69e0520067d5061d92a5aa95b8b8a5609380459e53c013dfc5820a13/whenever-0.10.0-cp313-cp313t-manylinux_2_17_aarch64.manylinux2014_aarch64.whl", hash = "sha256:8936a86eaefba4d0cf357412817c5a36b99d1dc9ea8cfbad07effe739a204406", size = 597080, upload-time = "2026-04-05T18:42:28.221Z" },
    { url = "https://files.pythonhosted.org/packages/e7/9e/00c79782ac16b5e22c87417db2bcc4f3150d03f44d2d9ea115383c9f7336/whenever-0.10.0-cp313-cp313t-manylinux_2_17_armv7l.manylinux2014_armv7l.whl", hash = "sha256:4f5571e66d47080060bc935d99211a148af44a41feb2a2770f87620bbfd06e0b", size = 652741, upload-time = "2026-04-05T18:42:30.342Z" },
    { url = "https://files.pythonhosted.org/packages/65/73/50207dd249606cdf77d50cc1cb581d7349e2b72e38dbd17fcca0023cb87d/whenever-0.10.0-cp313-cp313t-manylinux_2_17_ppc64le.manylinux2014_ppc64le.whl", hash = "sha256:bc24a7531a7a7e4a90f7ddec1065985b2865c88000a39df6d9daad359bf02fa1", size = 635757, upload-time = "2026-04-05T18:42:32.545Z" },
    { url = "https://files.pythonhosted.org/packages/65/c5/a8fb5a43c396fb50186ebd04ea85fa7d8f75444b6b1a1321e06422035692/whenever-0.10.0-cp313-cp313t-manylinux_2_17_s390x.manylinux2014_s390x.whl", hash = "sha256:0f1aab159f692dd7aa80c1ea725a9ca68f06955830dd9311fe982090b3cdb69d", size = 648037, upload-time = "2026-04-05T18:42:34.352Z" },
    { url = "https://files.pythonhosted.org/packages/22/d9/44ae1e98bcb0d126c3794b88d4e620cebb2c3635061e230365dae937784f/whenever-0.10.0-cp313-cp313t-manylinux_2_17_x86_64.manylinux2014_x86_64.whl", hash = "sha256:d75774ffa8955bc920b3a4d2ca39f5f03e90a8bb76f9611e5ce7c2c2594d87e5", size = 616592, upload-time = "2026-04-05T18:42:36.6Z" },
    { url = "https://files.pythonhosted.org/packages/eb/39/bfbd34662b09e14b05e9be6aad9a09f4cb2324fb3484920b368354d38e9f/whenever-0.10.0-cp313-cp313t-manylinux_2_5_i686.manylinux1_i686.whl", hash = "sha256:e13d0c70a2af7d051612cc52a224e7c0629459fb4e3b87b7edd32a14d282ea13", size = 669382, upload-time = "2026-04-05T18:42:38.46Z" },
    { url = "https://files.pythonhosted.org/packages/35/d7/cc8b659cfd3474f558f0e1644a3d3682df3a4a5620a12b6b98d5a2762ce5/whenever-0.10.0-cp313-cp313t-musllinux_1_2_aarch64.whl", hash = "sha256:e907bc52b1d6a17e0f537e856e1ee2fb87971e3a4dd4a2bd06633e967b779198", size = 773353, upload-time = "2026-04-05T18:42:40.835Z" },
    { url = "https://files.pythonhosted.org/packages/58/67/99759706ab3f4caa50a950582203744f4d1ade96358ef8f91eb5c3958f2a/whenever-0.10.0-cp313-cp313t-musllinux_1_2_armv7l.whl", hash = "sha256:27bda9b1a216203069c6ee0bdb0ce5c352467b5e610446c676017f8e2ba430fd", size = 928836, upload-time = "2026-04-05T18:42:42.568Z" },
    { url = "https://files.pythonhosted.org/packages/dc/30/acadd0e5c8a7831ab27736d5c84f1a8e8ade66224681c5c0f1dd71d8bcc1/whenever-0.10.0-cp313-cp313t-musllinux_1_2_i686.whl", hash = "sha256:53b7b1a74d9b88c3734381914679f18413d80d8098e7069d51a38e77d277c04c", size = 879889, upload-time = "2026-04-05T18:42:44.751Z" },
    { url = "https://files.pythonhosted.org/packages/65/e9/2ed538c0f644da6dacf21878c85f49282926290b5f27ec42edc698d72e89/whenever-0.10.0-cp313-cp313t-musllinux_1_2_x86_64.whl", hash = "sha256:581570285d2dafb92180bc5861c021fdac1d1a4bd2027ea1366a8192d613e4f5", size = 829542, upload-time = "2026-04-05T18:42:46.533Z" },
    { url = "https://files.pythonhosted.org/packages/35/26/40ed44f826ebe4f07eb5d89b2956b84eb3c2aaae02ee119ee510f64d7dd8/whenever-0.10.0-cp313-cp313t-win32.whl", hash = "sha256:4d230aedc4ae9734b6c91294e77e58c0fb4c7520459ebcaad084d9de1bbcee08", size = 560958, upload-time = "2026-04-05T18:42:48.667Z" },
    { url = "https://files.pythonhosted.org/packages/77/cc/f78d0977d40ecb5ec6c457b93db5149b6aa8442db5b87b74ef7ef58ec4f9/whenever-0.10.0-cp313-cp313t-win_amd64.whl", hash = "sha256:a5a4b3eb358a3df33d91fbc011695508fce0e2d6ded64d7b71ff1e3f6df2509d", size = 558924, upload-time = "2026-04-05T18:42:50.724Z" },
    { url = "https://files.pythonhosted.org/packages/e8/89/65861b886729b89c6e1f4331562427ee2d5d12cde94c4001afad508cc662/whenever-0.10.0-cp314-cp314-macosx_10_12_x86_64.whl", hash = "sha256:6c884c6b206a63070ce1f58301a332e3b6606b53821d87f8b8e304a436bfbd26", size = 600633, upload-time = "2026-04-05T18:42:52.665Z" },
    { url = "https://files.pythonhosted.org/packages/f5/eb/2b3ef4807ceffcd7a447386350f180e8a130e87a642dd3f74c159eaa2573/whenever-0.10.0-cp314-cp314-macosx_11_0_arm64.whl", hash = "sha256:5a3c0712e41512c8063da2ea8da28b0db2445c74514143f464ccb44c907ac1ef", size = 582013, upload-time = "2026-04-05T18:42:54.53Z" },
    { url = "https://files.pythonhosted.org/packages/75/6f/a2ca2635fae996e030ab30b1ce0e1b54dbe19bbee5b303314eb5e53053bd/whenever-0.10.0-cp314-cp314-manylinux_2_17_aarch64.manylinux2014_aarch64.whl", hash = "sha256:4e96cf6c3b05b9aa4412d11e72bf50c001abda57e47b985ec31614e2efeeb9bc", size = 597635, upload-time = "2026-04-05T18:42:56.584Z" },
    { url = "https://files.pythonhosted.org/packages/ef/ee/fca46b640a2b843c3bfedd3d9aa7d7f417d1f0fa447f0fec9a3d6d2d3ee9/whenever-0.10.0-cp314-cp314-manylinux_2_17_armv7l.manylinux2014_armv7l.whl", hash = "sha256:1746fa35a3f598bee76aa92841c175b65926a49856ebc58116394ca46f0a9b7d", size = 653223, upload-time = "2026-04-05T18:42:58.315Z" },
    { url = "https://files.pythonhosted.org/packages/25/ef/4606964c6ca217b7932a600148fcc981a6cd722715d545e2975ee6bbefcc/whenever-0.10.0-cp314-cp314-manylinux_2_17_ppc64le.manylinux2014_ppc64le.whl", hash = "sha256:9c78ea92143b37c6922bc05cfd53e90e3322396a1e4ecd2db662b16cb990c414", size = 636816, upload-time = "2026-04-05T18:43:00.025Z" },
    { url = "https://files.pythonhosted.org/packages/bb/22/a77ca0c5e6507116b94400d5a5bf3182b350532933dd2296cd9fcd116551/whenever-0.10.0-cp314-cp314-manylinux_2_17_s390x.manylinux2014_s390x.whl", hash = "sha256:91a1b778b8ee154d70921cbf63e6a0949251a5ab93f077f1fa89167ff5e91b35", size = 648596, upload-time = "2026-04-05T18:43:01.879Z" },
    { url = "https://files.pythonhosted.org/packages/b9/4a/f4e3620f9542b092f31c3de6810e137cc1c01c33a5a25cc3f90a138b98a3/whenever-0.10.0-cp314-cp314-manylinux_2_17_x86_64.manylinux2014_x86_64.whl", hash = "sha256:5219a2663757dec9303fad9328fee2b06a64757cd316cf5fa4060b0bc2e4d032", size = 619185, upload-time = "2026-04-05T18:43:03.792Z" },
    { url = "https://files.pythonhosted.org/packages/10/55/902d311917ce27115b522b5a647ba4d805045ed49a2fe95407ea132d46ac/whenever-0.10.0-cp314-cp314-manylinux_2_5_i686.manylinux1_i686.whl", hash = "sha256:0dbd9b90d9279e95ff717a2f112822162ab4f3da04382a9dd0dd21e8daf28cf6", size = 671891, upload-time = "2026-04-05T18:43:05.834Z" },
    { url = "https://files.pythonhosted.org/packages/98/6f/bea8a92476b785fe55803ad524384d82ce691ff81ec6ef5078c555c06fdf/whenever-0.10.0-cp314-cp314-musllinux_1_2_aarch64.whl", hash = "sha256:86bb8042c6a40c29f4397e87bb5c89777f8e50111ce902d5665c3299cb7b3fc9", size = 773395, upload-time = "2026-04-05T18:43:07.895Z" },
    { url = "https://files.pythonhosted.org/packages/db/42/633b34d89e45c2e283f63d4461420d7c5a20209bdff54bd041971e1e4c61/whenever-0.10.0-cp314-cp314-musllinux_1_2_armv7l.whl", hash = "sha256:4083b5ae49323a2ed6d64fec9a665ac5dfafedd1e0d75591e26eb4f385216fc4", size = 929175, upload-time = "2026-04-05T18:43:09.913Z" },
    { url = "https://files.pythonhosted.org/packages/77/c0/cb6d0932da859f136a09d807e15de7e8d6832303744226434ee2f3fba3bf/whenever-0.10.0-cp314-cp314-musllinux_1_2_i686.whl", hash = "sha256:4e1ae2efdaaab4f1b51a50f2a0e576687c0be798fe0ec185b1b673f9a24d039c", size = 883239, upload-time = "2026-04-05T18:43:11.812Z" },
    { url = "https://files.pythonhosted.org/packages/0b/28/fd94b38a979c619fdc81a94765fdb5717b94f8288b7e4834a95858fdfba5/whenever-0.10.0-cp314-cp314-musllinux_1_2_x86_64.whl", hash = "sha256:7059ffb2ac2a8b4fc7c95f0db7a083fdb2eeb14034856a9277a000beaf7ecb31", size = 831475, upload-time = "2026-04-05T18:43:13.686Z" },
    { url = "https://files.pythonhosted.org/packages/56/ba/9afc25161daaafabb59b1f71559e65e8a5c0d9073a47f669775a802503a9/whenever-0.10.0-cp314-cp314-win32.whl", hash = "sha256:de5b2be02fa15e2b36e2de0e48185f872154d2aac9e66240aa2f4d6cbd79d1e0", size = 563167, upload-time = "2026-04-05T18:43:15.577Z" },
    { url = "https://files.pythonhosted.org/packages/c5/b2/8ad678802988ac7ad4937372cf8562f5c267d8ce605194a9409d4c1b9d82/whenever-0.10.0-cp314-cp314-win_amd64.whl", hash = "sha256:2a214d0d72db76611034a18f5d103663131f0d5b7a2518d571dbf121d766f446", size = 561210, upload-time = "2026-04-05T18:43:17.43Z" },
    { url = "https://files.pythonhosted.org/packages/3f/04/ee9cea596f5b5366f35cc1fdc351edb82233d7d5787e905b352ec9a193fb/whenever-0.10.0-cp314-cp314t-macosx_10_12_x86_64.whl", hash = "sha256:74008d13bbf6ee6c3d53e6b4e00dc2b9c2dd23b4d59543c58a0700a9622e3c43", size = 600820, upload-time = "2026-04-05T18:43:19.615Z" },
    { url = "https://files.pythonhosted.org/packages/8c/d7/124aecf53b82e5db2e9dd27d67c293dfd3f83f77efbc313c0a9617a9c1f0/whenever-0.10.0-cp314-cp314t-macosx_11_0_arm64.whl", hash = "sha256:060f6d710dc10b8ad87b1be59be0c67eda07b272095d32f23fa5483c01bbfbde", size = 581826, upload-time = "2026-04-05T18:43:21.428Z" },
    { url = "https://files.pythonhosted.org/packages/fd/71/8138baa7a6789b9a7f1ca88b81e0ebd2bec22e7ab879b08ef8923f0f757f/whenever-0.10.0-cp314-cp314t-manylinux_2_17_aarch64.manylinux2014_aarch64.whl", hash = "sha256:c34c72bab3d4387d83fd4b84b8ebdd706a12e39438ec56aff506ebb1318bdf8f", size = 598139, upload-time = "2026-04-05T18:43:23.683Z" },
    { url = "https://files.pythonhosted.org/packages/58/62/c1b6abba7b108c59515d4b8e889b7cb53fc8c5bbf82f91868f74b9ce5828/whenever-0.10.0-cp314-cp314t-manylinux_2_17_armv7l.manylinux2014_armv7l.whl", hash = "sha256:424641f831f7678fffbac1eb61cb32259fbfb3835813f84b59d66a4cfc8507a7", size = 653912, upload-time = "2026-04-05T18:43:25.534Z" },
    { url = "https://files.pythonhosted.org/packages/0c/35/c0dbe2119b53d7fd7721f95537b650736fada242b4786f4eba9ebfd2578c/whenever-0.10.0-cp314-cp314t-manylinux_2_17_ppc64le.manylinux2014_ppc64le.whl", hash = "sha256:19fd25cdfebb82da8bc901c5fc701b230af5c9737455edd78d93f22f023f053a", size = 637727, upload-time = "2026-04-05T18:43:27.492Z" },
    { url = "https://files.pythonhosted.org/packages/8b/7e/134b9ca00ed2e1a913fd766745160c103405bb6e7fa5094c08dc9394506f/whenever-0.10.0-cp314-cp314t-manylinux_2_17_s390x.manylinux2014_s390x.whl", hash = "sha256:a82849f50fe3ed25ae30d3c0f65ad772d6d9652b4c1f687c6d092b04fc4dc88a", size = 649651, upload-time = "2026-04-05T18:43:29.679Z" },
    { url = "https://files.pythonhosted.org/packages/da/8a/b6223ddc515810cf69653c6ea24fff7f4f638d183baa86f824ada1b79996/whenever-0.10.0-cp314-cp314t-manylinux_2_17_x86_64.manylinux2014_x86_64.whl", hash = "sha256:f9dba313ce89af668f519db441a3901341789e1b428ca51f0b4d930d7423748a", size = 619009, upload-time = "2026-04-05T18:43:31.948Z" },
    { url = "https://files.pythonhosted.org/packages/d7/e9/f7bb8a72935d64c3a753ad137259575fa98503c837d08b459b1c920348fb/whenever-0.10.0-cp314-cp314t-manylinux_2_5_i686.manylinux1_i686.whl", hash = "sha256:229c1b06e31a5089342dd2680eeb96c7194bbd1ccdbc35b688b1f21379022b63", size = 671544, upload-time = "2026-04-05T18:43:33.838Z" },
    { url = "https://files.pythonhosted.org/packages/43/7d/bbfe6deff3147b8f18ec63b8f91bb7c507003441b4a1006fbb42a9f1ce2a/whenever-0.10.0-cp314-cp314t-musllinux_1_2_aarch64.whl", hash = "sha256:9fef6e1379f31fc3fdb9a0221130a06d8572a7791cb0e8ef3713009b96525184", size = 775094, upload-time = "2026-04-05T18:43:35.667Z" },
    { url = "https://files.pythonhosted.org/packages/8d/e0/7449e7c22206123224e46864a90498038966608ab6c266faa893e44ec9ac/whenever-0.10.0-cp314-cp314t-musllinux_1_2_armv7l.whl", hash = "sha256:782e564cda904e83e1c5f95ff0b68d7fc0d322d5b740e32b573a3e038299a04b", size = 929505, upload-time = "2026-04-05T18:43:37.607Z" },
    { url = "https://files.pythonhosted.org/packages/2e/06/81203b1fa283c95b932363403334db4a4af4ab1b8208eb949315cc60eed3/whenever-0.10.0-cp314-cp314t-musllinux_1_2_i686.whl", hash = "sha256:203c9c0c02846bd5d47b767c5ef45c94658cf25f8eff537039e7d03f354c9db2", size = 882725, upload-time = "2026-04-05T18:43:39.526Z" },
    { url = "https://files.pythonhosted.org/packages/dd/97/e5bcb2670ec99bb4a8b6fcbac24b706bf80e59761b07e75bd3eb8910f597/whenever-0.10.0-cp314-cp314t-musllinux_1_2_x86_64.whl", hash = "sha256:2dae6ebc9008af8e4022e61f3fa7a69f96a283dfd18a4064b441f17772b78808", size = 831773, upload-time = "2026-04-05T18:43:41.504Z" },
    { url = "https://files.pythonhosted.org/packages/e0/82/b351bf95bd95efe13e215398bfa5627e84e32408ebdf8568a483d3f4d9aa/whenever-0.10.0-cp314-cp314t-win32.whl", hash = "sha256:743220a5fa5b4e60f64d2e8f29eba258d8703dace9b640f38eda4ccd13ac559e", size = 563834, upload-time = "2026-04-05T18:43:43.966Z" },
    { url = "https://files.pythonhosted.org/packages/53/43/62f04f661286ce2c93310fb0682c1c6665c9804567923861b2382676c91d/whenever-0.10.0-cp314-cp314t-win_amd64.whl", hash = "sha256:8f7482cc1b1d019fbcfad83b31f783b0eaf5390aada329f044dc04921bb5ea2b", size = 560313, upload-time = "2026-04-05T18:43:46.293Z" },
    { url = "https://files.pythonhosted.org/packages/ed/b5/38fba836844233b961a0026d96f39f893eab63757e7757fd1d16fb02aa80/whenever-0.10.0-py3-none-any.whl", hash = "sha256:70feda454af6b2c231abd428b9430cd75492a000ca1d1edc42976d6fea265eec", size = 119264, upload-time = "2026-04-05T18:43:48.077Z" },
]
